
Microsoft Visual Studio Solution File, Format Version 12.00
# Visual Studio Version 16
VisualStudioVersion = 16.0.30011.22
MinimumVisualStudioVersion = 10.0.40219.1
Project("{FAE04EC0-301F-11D3-BF4B-00C04F79EFBC}") = "CtrProyectoLuis", "CtrProyectoLuis\CtrProyectoLuis.csproj", "{23619C62-F328-4C98-908B-57B4C88530DF}"
EndProject
Project("{FAE04EC0-301F-11D3-BF4B-00C04F79EFBC}") = "BEUcrtProyectoLuis", "BEUcrtProyectoLuis\BEUcrtProyectoLuis.csproj", "{C039FD23-D9FF-4A6A-A45C-9F6AB770AFBC}"
EndProject
Global
	GlobalSection(SolutionConfigurationPlatforms) = preSolution
		Debug|Any CPU = Debug|Any CPU
		Release|Any CPU = Release|Any CPU
	EndGlobalSection
	GlobalSection(ProjectConfigurationPlatforms) = postSolution
		{23619C62-F328-4C98-908B-57B4C88530DF}.Debug|Any CPU.ActiveCfg = Debug|Any CPU
		{23619C62-F328-4C98-908B-57B4C88530DF}.Debug|Any CPU.Build.0 = Debug|Any CPU
		{23619C62-F328-4C98-908B-57B4C88530DF}.Release|Any CPU.ActiveCfg = Release|Any CPU
		{23619C62-F328-4C98-908B-57B4C88530DF}.Release|Any CPU.Build.0 = Release|Any CPU
		{C039FD23-D9FF-4A6A-A45C-9F6AB770AFBC}.Debug|Any CPU.ActiveCfg = Debug|Any CPU
		{C039FD23-D9FF-4A6A-A45C-9F6AB770AFBC}.Debug|Any CPU.Build.0 = Debug|Any CPU
		{C039FD23-D9FF-4A6A-A45C-9F6AB770AFBC}.Release|Any CPU.ActiveCfg = Release|Any CPU
		{C039FD23-D9FF-4A6A-A45C-9F6AB770AFBC}.Release|Any CPU.Build.0 = Release|Any CPU
	EndGlobalSection
	GlobalSection(SolutionProperties) = preSolution
		HideSolutionNode = FALSE
	EndGlobalSection
	GlobalSection(ExtensibilityGlobals) = postSolution
		SolutionGuid = {DF543E60-77B7-4F72-B935-AE48DBCDF185}
	EndGlobalSection
EndGlobal
